// !$*UTF8*$!
{
	archiveVersion = 1;
	classes = {
	};
	objectVersion = 51;
	objects = {

/* Begin PBXBuildFile section */
		01042C632420EAD00090C83A /* GoogleService-Info.plist in Resources */ = {isa = PBXBuildFile; fileRef = 01042C622420EAD00090C83A /* GoogleService-Info.plist */; };
		010439EC2424FEE500308D5F /* ExplosionBoss1.sks in Resources */ = {isa = PBXBuildFile; fileRef = 010439EB2424FEE500308D5F /* ExplosionBoss1.sks */; };
		010439EE242500E700308D5F /* ExplosionInEarth.sks in Resources */ = {isa = PBXBuildFile; fileRef = 010439ED242500E700308D5F /* ExplosionInEarth.sks */; };
		014FCB15241A633900DDBFF7 /* ExploTerra.sks in Resources */ = {isa = PBXBuildFile; fileRef = 014FCB14241A633900DDBFF7 /* ExploTerra.sks */; };
		015AF3232417D2BA00E9719E /* Capivara.swift in Sources */ = {isa = PBXBuildFile; fileRef = 015AF3222417D2BA00E9719E /* Capivara.swift */; };
		015CBDB5240E84C700C9A354 /* AppDelegate.swift in Sources */ = {isa = PBXBuildFile; fileRef = 015CBDB4240E84C700C9A354 /* AppDelegate.swift */; };
		015CBDB7240E84C700C9A354 /* GameScene.sks in Resources */ = {isa = PBXBuildFile; fileRef = 015CBDB6240E84C700C9A354 /* GameScene.sks */; };
		015CBDB9240E84C700C9A354 /* Actions.sks in Resources */ = {isa = PBXBuildFile; fileRef = 015CBDB8240E84C700C9A354 /* Actions.sks */; };
		015CBDBB240E84C700C9A354 /* GameScene.swift in Sources */ = {isa = PBXBuildFile; fileRef = 015CBDBA240E84C700C9A354 /* GameScene.swift */; };
		015CBDBD240E84C700C9A354 /* GameViewController.swift in Sources */ = {isa = PBXBuildFile; fileRef = 015CBDBC240E84C700C9A354 /* GameViewController.swift */; };
		015CBDC0240E84C700C9A354 /* Main.storyboard in Resources */ = {isa = PBXBuildFile; fileRef = 015CBDBE240E84C700C9A354 /* Main.storyboard */; };
		015CBDC2240E84C800C9A354 /* Assets.xcassets in Resources */ = {isa = PBXBuildFile; fileRef = 015CBDC1240E84C800C9A354 /* Assets.xcassets */; };
		015CBDC5240E84C800C9A354 /* LaunchScreen.storyboard in Resources */ = {isa = PBXBuildFile; fileRef = 015CBDC3240E84C800C9A354 /* LaunchScreen.storyboard */; };
		015CBDCF240E892A00C9A354 /* Starfield.sks in Resources */ = {isa = PBXBuildFile; fileRef = 015CBDCE240E892A00C9A354 /* Starfield.sks */; };
		01642725240FD4E500D7606E /* Explosion.sks in Resources */ = {isa = PBXBuildFile; fileRef = 01642724240FD4E500D7606E /* Explosion.sks */; };
		0181D960242E3B3900277EEC /* ExplosionBigBoss.sks in Resources */ = {isa = PBXBuildFile; fileRef = 0181D95F242E3B3900277EEC /* ExplosionBigBoss.sks */; };
		0184F6002420FADA0042529C /* smokeTerra1.sks in Resources */ = {isa = PBXBuildFile; fileRef = 0184F5FF2420FADA0042529C /* smokeTerra1.sks */; };
		0185C6A3242CD86B001DC514 /* LifeController.swift in Sources */ = {isa = PBXBuildFile; fileRef = 0185C6A2242CD86B001DC514 /* LifeController.swift */; };
		01D2E164241675890017D954 /* Fase.swift in Sources */ = {isa = PBXBuildFile; fileRef = 01D2E163241675890017D954 /* Fase.swift */; };
		0C5D97E268BEF516A01F4EAC /* Pods_CapivaraInvaders.framework in Frameworks */ = {isa = PBXBuildFile; fileRef = 71F77E3EA254EB0ED0FEBA29 /* Pods_CapivaraInvaders.framework */; };
/* End PBXBuildFile section */

/* Begin PBXFileReference section */
		01042C622420EAD00090C83A /* GoogleService-Info.plist */ = {isa = PBXFileReference; fileEncoding = 4; lastKnownFileType = text.plist.xml; path = "GoogleService-Info.plist"; sourceTree = "<group>"; };
		010439EB2424FEE500308D5F /* ExplosionBoss1.sks */ = {isa = PBXFileReference; lastKnownFileType = file.sks; path = ExplosionBoss1.sks; sourceTree = "<group>"; };
		010439ED242500E700308D5F /* ExplosionInEarth.sks */ = {isa = PBXFileReference; lastKnownFileType = file.sks; path = ExplosionInEarth.sks; sourceTree = "<group>"; };
		014FCB14241A633900DDBFF7 /* ExploTerra.sks */ = {isa = PBXFileReference; lastKnownFileType = file.sks; path = ExploTerra.sks; sourceTree = "<group>"; };
		015AF3222417D2BA00E9719E /* Capivara.swift */ = {isa = PBXFileReference; lastKnownFileType = sourcecode.swift; path = Capivara.swift; sourceTree = "<group>"; };
		015CBDB1240E84C700C9A354 /* CapivaraInvaders.app */ = {isa = PBXFileReference; explicitFileType = wrapper.application; includeInIndex = 0; path = CapivaraInvaders.app; sourceTree = BUILT_PRODUCTS_DIR; };
		015CBDB4240E84C700C9A354 /* AppDelegate.swift */ = {isa = PBXFileReference; lastKnownFileType = sourcecode.swift; path = AppDelegate.swift; sourceTree = "<group>"; };
		015CBDB6240E84C700C9A354 /* GameScene.sks */ = {isa = PBXFileReference; lastKnownFileType = file.sks; path = GameScene.sks; sourceTree = "<group>"; };
		015CBDB8240E84C700C9A354 /* Actions.sks */ = {isa = PBXFileReference; lastKnownFileType = file.sks; path = Actions.sks; sourceTree = "<group>"; };
		015CBDBA240E84C700C9A354 /* GameScene.swift */ = {isa = PBXFileReference; lastKnownFileType = sourcecode.swift; path = GameScene.swift; sourceTree = "<group>"; };
		015CBDBC240E84C700C9A354 /* GameViewController.swift */ = {isa = PBXFileReference; lastKnownFileType = sourcecode.swift; path = GameViewController.swift; sourceTree = "<group>"; };
		015CBDBF240E84C700C9A354 /* Base */ = {isa = PBXFileReference; lastKnownFileType = file.storyboard; name = Base; path = Base.lproj/Main.storyboard; sourceTree = "<group>"; };
		015CBDC1240E84C800C9A354 /* Assets.xcassets */ = {isa = PBXFileReference; lastKnownFileType = folder.assetcatalog; path = Assets.xcassets; sourceTree = "<group>"; };
		015CBDC4240E84C800C9A354 /* Base */ = {isa = PBXFileReference; lastKnownFileType = file.storyboard; name = Base; path = Base.lproj/LaunchScreen.storyboard; sourceTree = "<group>"; };
		015CBDC6240E84C800C9A354 /* Info.plist */ = {isa = PBXFileReference; lastKnownFileType = text.plist.xml; path = Info.plist; sourceTree = "<group>"; };
		015CBDCE240E892A00C9A354 /* Starfield.sks */ = {isa = PBXFileReference; lastKnownFileType = file.sks; path = Starfield.sks; sourceTree = "<group>"; };
		01642724240FD4E500D7606E /* Explosion.sks */ = {isa = PBXFileReference; lastKnownFileType = file.sks; path = Explosion.sks; sourceTree = "<group>"; };
		0181D95F242E3B3900277EEC /* ExplosionBigBoss.sks */ = {isa = PBXFileReference; lastKnownFileType = file.sks; path = ExplosionBigBoss.sks; sourceTree = "<group>"; };
		0184F5FF2420FADA0042529C /* smokeTerra1.sks */ = {isa = PBXFileReference; lastKnownFileType = file.sks; path = smokeTerra1.sks; sourceTree = "<group>"; };
		0185C6A2242CD86B001DC514 /* LifeController.swift */ = {isa = PBXFileReference; lastKnownFileType = sourcecode.swift; path = LifeController.swift; sourceTree = "<group>"; };
		01D2E163241675890017D954 /* Fase.swift */ = {isa = PBXFileReference; lastKnownFileType = sourcecode.swift; path = Fase.swift; sourceTree = "<group>"; };
		634C584BC9B5604932D3048F /* Pods-CapivaraInvaders.release.xcconfig */ = {isa = PBXFileReference; includeInIndex = 1; lastKnownFileType = text.xcconfig; name = "Pods-CapivaraInvaders.release.xcconfig"; path = "Target Support Files/Pods-CapivaraInvaders/Pods-CapivaraInvaders.release.xcconfig"; sourceTree = "<group>"; };
		71F77E3EA254EB0ED0FEBA29 /* Pods_CapivaraInvaders.framework */ = {isa = PBXFileReference; explicitFileType = wrapper.framework; includeInIndex = 0; path = Pods_CapivaraInvaders.framework; sourceTree = BUILT_PRODUCTS_DIR; };
		C0C2B74817A6FC5E6A26C468 /* Pods-CapivaraInvaders.debug.xcconfig */ = {isa = PBXFileReference; includeInIndex = 1; lastKnownFileType = text.xcconfig; name = "Pods-CapivaraInvaders.debug.xcconfig"; path = "Target Support Files/Pods-CapivaraInvaders/Pods-CapivaraInvaders.debug.xcconfig"; sourceTree = "<group>"; };
/* End PBXFileReference section */

/* Begin PBXFrameworksBuildPhase section */
		015CBDAE240E84C700C9A354 /* Frameworks */ = {
			isa = PBXFrameworksBuildPhase;
			buildActionMask = 2147483647;
			files = (
				0C5D97E268BEF516A01F4EAC /* Pods_CapivaraInvaders.framework in Frameworks */,
			);
			runOnlyForDeploymentPostprocessing = 0;
		};
/* End PBXFrameworksBuildPhase section */

/* Begin PBXGroup section */
		010439EF2425017B00308D5F /* Emiters */ = {
			isa = PBXGroup;
			children = (
				0181D95F242E3B3900277EEC /* ExplosionBigBoss.sks */,
				0184F5FF2420FADA0042529C /* smokeTerra1.sks */,
				010439ED242500E700308D5F /* ExplosionInEarth.sks */,
				010439EB2424FEE500308D5F /* ExplosionBoss1.sks */,
				014FCB14241A633900DDBFF7 /* ExploTerra.sks */,
				01642724240FD4E500D7606E /* Explosion.sks */,
				015CBDCE240E892A00C9A354 /* Starfield.sks */,
			);
			path = Emiters;
			sourceTree = "<group>";
		};
		015CBDA8240E84C700C9A354 = {
			isa = PBXGroup;
			children = (
				015CBDB3240E84C700C9A354 /* CapivaraInvaders */,
				015CBDB2240E84C700C9A354 /* Products */,
				7331C6229F54AAEA64EE8E7E /* Pods */,
				3E008B0971D411A6515E1151 /* Frameworks */,
			);
			sourceTree = "<group>";
		};
		015CBDB2240E84C700C9A354 /* Products */ = {
			isa = PBXGroup;
			children = (
				015CBDB1240E84C700C9A354 /* CapivaraInvaders.app */,
			);
			name = Products;
			sourceTree = "<group>";
		};
		015CBDB3240E84C700C9A354 /* CapivaraInvaders */ = {
			isa = PBXGroup;
			children = (
				01A5F42A242A4D5800BB6153 /* Model */,
				01A5F429242A4D4800BB6153 /* App */,
				01A5F428242A4D3800BB6153 /* Controller */,
				010439EF2425017B00308D5F /* Emiters */,
				01042C622420EAD00090C83A /* GoogleService-Info.plist */,
				015CBDB6240E84C700C9A354 /* GameScene.sks */,
				015CBDB8240E84C700C9A354 /* Actions.sks */,
				015CBDBE240E84C700C9A354 /* Main.storyboard */,
				015CBDC1240E84C800C9A354 /* Assets.xcassets */,
				015CBDC3240E84C800C9A354 /* LaunchScreen.storyboard */,
				015CBDC6240E84C800C9A354 /* Info.plist */,
			);
			path = CapivaraInvaders;
			sourceTree = "<group>";
		};
		01A5F428242A4D3800BB6153 /* Controller */ = {
			isa = PBXGroup;
			children = (
				015CBDBA240E84C700C9A354 /* GameScene.swift */,
			);
			path = Controller;
			sourceTree = "<group>";
		};
		01A5F429242A4D4800BB6153 /* App */ = {
			isa = PBXGroup;
			children = (
				015CBDB4240E84C700C9A354 /* AppDelegate.swift */,
			);
			path = App;
			sourceTree = "<group>";
		};
		01A5F42A242A4D5800BB6153 /* Model */ = {
			isa = PBXGroup;
			children = (
				015CBDBC240E84C700C9A354 /* GameViewController.swift */,
				015AF3222417D2BA00E9719E /* Capivara.swift */,
				01D2E163241675890017D954 /* Fase.swift */,
				0185C6A2242CD86B001DC514 /* LifeController.swift */,
			);
			path = Model;
			sourceTree = "<group>";
		};
		3E008B0971D411A6515E1151 /* Frameworks */ = {
			isa = PBXGroup;
			children = (
				71F77E3EA254EB0ED0FEBA29 /* Pods_CapivaraInvaders.framework */,
			);
			name = Frameworks;
			sourceTree = "<group>";
		};
		7331C6229F54AAEA64EE8E7E /* Pods */ = {
			isa = PBXGroup;
			children = (
				C0C2B74817A6FC5E6A26C468 /* Pods-CapivaraInvaders.debug.xcconfig */,
				634C584BC9B5604932D3048F /* Pods-CapivaraInvaders.release.xcconfig */,
			);
			path = Pods;
			sourceTree = "<group>";
		};
/* End PBXGroup section */

/* Begin PBXNativeTarget section */
		015CBDB0240E84C700C9A354 /* CapivaraInvaders */ = {
			isa = PBXNativeTarget;
			buildConfigurationList = 015CBDC9240E84C800C9A354 /* Build configuration list for PBXNativeTarget "CapivaraInvaders" */;
			buildPhases = (
				225CBF01BE2352B3034F172B /* [CP] Check Pods Manifest.lock */,
				015CBDAD240E84C700C9A354 /* Sources */,
				015CBDAE240E84C700C9A354 /* Frameworks */,
				015CBDAF240E84C700C9A354 /* Resources */,
				066C8545F0AF55C667FA7454 /* [CP] Embed Pods Frameworks */,
				01042C642420EE880090C83A /* ShellScript */,
			);
			buildRules = (
			);
			dependencies = (
			);
			name = CapivaraInvaders;
			productName = CapivaraInvaders;
			productReference = 015CBDB1240E84C700C9A354 /* CapivaraInvaders.app */;
			productType = "com.apple.product-type.application";
		};
/* End PBXNativeTarget section */

/* Begin PBXProject section */
		015CBDA9240E84C700C9A354 /* Project object */ = {
			isa = PBXProject;
			attributes = {
				LastSwiftUpdateCheck = 1130;
				LastUpgradeCheck = 1130;
				ORGANIZATIONNAME = "Mateus Nunes";
				TargetAttributes = {
					015CBDB0240E84C700C9A354 = {
						CreatedOnToolsVersion = 11.3.1;
					};
				};
			};
			buildConfigurationList = 015CBDAC240E84C700C9A354 /* Build configuration list for PBXProject "CapivaraInvaders" */;
			compatibilityVersion = "Xcode 9.3";
			developmentRegion = en;
			hasScannedForEncodings = 0;
			knownRegions = (
				en,
				Base,
			);
			mainGroup = 015CBDA8240E84C700C9A354;
			productRefGroup = 015CBDB2240E84C700C9A354 /* Products */;
			projectDirPath = "";
			projectRoot = "";
			targets = (
				015CBDB0240E84C700C9A354 /* CapivaraInvaders */,
			);
		};
/* End PBXProject section */

/* Begin PBXResourcesBuildPhase section */
		015CBDAF240E84C700C9A354 /* Resources */ = {
			isa = PBXResourcesBuildPhase;
			buildActionMask = 2147483647;
			files = (
				010439EC2424FEE500308D5F /* ExplosionBoss1.sks in Resources */,
				015CBDCF240E892A00C9A354 /* Starfield.sks in Resources */,
				0181D960242E3B3900277EEC /* ExplosionBigBoss.sks in Resources */,
				015CBDC0240E84C700C9A354 /* Main.storyboard in Resources */,
				01042C632420EAD00090C83A /* GoogleService-Info.plist in Resources */,
				015CBDB7240E84C700C9A354 /* GameScene.sks in Resources */,
				014FCB15241A633900DDBFF7 /* ExploTerra.sks in Resources */,
				015CBDC2240E84C800C9A354 /* Assets.xcassets in Resources */,
				0184F6002420FADA0042529C /* smokeTerra1.sks in Resources */,
				015CBDC5240E84C800C9A354 /* LaunchScreen.storyboard in Resources */,
				01642725240FD4E500D7606E /* Explosion.sks in Resources */,
				015CBDB9240E84C700C9A354 /* Actions.sks in Resources */,
				010439EE242500E700308D5F /* ExplosionInEarth.sks in Resources */,
			);
			runOnlyForDeploymentPostprocessing = 0;
		};
/* End PBXResourcesBuildPhase section */

/* Begin PBXShellScriptBuildPhase section */
		01042C642420EE880090C83A /* ShellScript */ = {
			isa = PBXShellScriptBuildPhase;
			buildActionMask = 2147483647;
			files = (
			);
			inputFileListPaths = (
			);
			inputPaths = (
				"${DWARF_DSYM_FOLDER_PATH}/${DWARF_DSYM_FILE_NAME}/Contents/Resources/DWARF/${TARGET_NAME}",
				"$(SRCROOT)/$(BUILT_PRODUCTS_DIR)/$(INFOPLIST_PATH)",
			);
			outputFileListPaths = (
			);
			outputPaths = (
			);
			runOnlyForDeploymentPostprocessing = 0;
			shellPath = /bin/sh;
			shellScript = "# Type a script or drag a script file from your workspace to insert its path.\n\"${PODS_ROOT}/FirebaseCrashlytics/run\"\n\n";
		};
		066C8545F0AF55C667FA7454 /* [CP] Embed Pods Frameworks */ = {
			isa = PBXShellScriptBuildPhase;
			buildActionMask = 2147483647;
			files = (
			);
			inputFileListPaths = (
				"${PODS_ROOT}/Target Support Files/Pods-CapivaraInvaders/Pods-CapivaraInvaders-frameworks-${CONFIGURATION}-input-files.xcfilelist",
			);
			name = "[CP] Embed Pods Frameworks";
			outputFileListPaths = (
				"${PODS_ROOT}/Target Support Files/Pods-CapivaraInvaders/Pods-CapivaraInvaders-frameworks-${CONFIGURATION}-output-files.xcfilelist",
			);
			runOnlyForDeploymentPostprocessing = 0;
			shellPath = /bin/sh;
			shellScript = "\"${PODS_ROOT}/Target Support Files/Pods-CapivaraInvaders/Pods-CapivaraInvaders-frameworks.sh\"\n";
			showEnvVarsInLog = 0;
		};
		225CBF01BE2352B3034F172B /* [CP] Check Pods Manifest.lock */ = {
			isa = PBXShellScriptBuildPhase;
			buildActionMask = 2147483647;
			files = (
			);
			inputFileListPaths = (
			);
			inputPaths = (
				"${PODS_PODFILE_DIR_PATH}/Podfile.lock",
				"${PODS_ROOT}/Manifest.lock",
			);
			name = "[CP] Check Pods Manifest.lock";
			outputFileListPaths = (
			);
			outputPaths = (
				"$(DERIVED_FILE_DIR)/Pods-CapivaraInvaders-checkManifestLockResult.txt",
			);
			runOnlyForDeploymentPostprocessing = 0;
			shellPath = /bin/sh;
			shellScript = "diff \"${PODS_PODFILE_DIR_PATH}/Podfile.lock\" \"${PODS_ROOT}/Manifest.lock\" > /dev/null\nif [ $? != 0 ] ; then\n    # print error to STDERR\n    echo \"error: The sandbox is not in sync with the Podfile.lock. Run 'pod install' or update your CocoaPods installation.\" >&2\n    exit 1\nfi\n# This output is used by Xcode 'outputs' to avoid re-running this script phase.\necho \"SUCCESS\" > \"${SCRIPT_OUTPUT_FILE_0}\"\n";
			showEnvVarsInLog = 0;
		};
/* End PBXShellScriptBuildPhase section */

/* Begin PBXSourcesBuildPhase section */
		015CBDAD240E84C700C9A354 /* Sources */ = {
			isa = PBXSourcesBuildPhase;
			buildActionMask = 2147483647;
			files = (
				01D2E164241675890017D954 /* Fase.swift in Sources */,
				0185C6A3242CD86B001DC514 /* LifeController.swift in Sources */,
				015AF3232417D2BA00E9719E /* Capivara.swift in Sources */,
				015CBDBB240E84C700C9A354 /* GameScene.swift in Sources */,
				015CBDBD240E84C700C9A354 /* GameViewController.swift in Sources */,
				015CBDB5240E84C700C9A354 /* AppDelegate.swift in Sources */,
			);
			runOnlyForDeploymentPostprocessing = 0;
		};
/* End PBXSourcesBuildPhase section */

/* Begin PBXVariantGroup section */
		015CBDBE240E84C700C9A354 /* Main.storyboard */ = {
			isa = PBXVariantGroup;
			children = (
				015CBDBF240E84C700C9A354 /* Base */,
			);
			name = Main.storyboard;
			sourceTree = "<group>";
		};
		015CBDC3240E84C800C9A354 /* LaunchScreen.storyboard */ = {
			isa = PBXVariantGroup;
			children = (
				015CBDC4240E84C800C9A354 /* Base */,
			);
			name = LaunchScreen.storyboard;
			sourceTree = "<group>";
		};
/* End PBXVariantGroup section */

/* Begin XCBuildConfiguration section */
		015CBDC7240E84C800C9A354 /* Debug */ = {
			isa = XCBuildConfiguration;
			buildSettings = {
				ALWAYS_SEARCH_USER_PATHS = NO;
				CLANG_ANALYZER_NONNULL = YES;
				CLANG_ANALYZER_NUMBER_OBJECT_CONVERSION = YES_AGGRESSIVE;
				CLANG_CXX_LANGUAGE_STANDARD = "gnu++14";
				CLANG_CXX_LIBRARY = "libc++";
				CLANG_ENABLE_MODULES = YES;
				CLANG_ENABLE_OBJC_ARC = YES;
				CLANG_ENABLE_OBJC_WEAK = YES;
				CLANG_WARN_BLOCK_CAPTURE_AUTORELEASING = YES;
				CLANG_WARN_BOOL_CONVERSION = YES;
				CLANG_WARN_COMMA = YES;
				CLANG_WARN_CONSTANT_CONVERSION = YES;
				CLANG_WARN_DEPRECATED_OBJC_IMPLEMENTATIONS = YES;
				CLANG_WARN_DIRECT_OBJC_ISA_USAGE = YES_ERROR;
				CLANG_WARN_DOCUMENTATION_COMMENTS = YES;
				CLANG_WARN_EMPTY_BODY = YES;
				CLANG_WARN_ENUM_CONVERSION = YES;
				CLANG_WARN_INFINITE_RECURSION = YES;
				CLANG_WARN_INT_CONVERSION = YES;
				CLANG_WARN_NON_LITERAL_NULL_CONVERSION = YES;
				CLANG_WARN_OBJC_IMPLICIT_RETAIN_SELF = YES;
				CLANG_WARN_OBJC_LITERAL_CONVERSION = YES;
				CLANG_WARN_OBJC_ROOT_CLASS = YES_ERROR;
				CLANG_WARN_RANGE_LOOP_ANALYSIS = YES;
				CLANG_WARN_STRICT_PROTOTYPES = YES;
				CLANG_WARN_SUSPICIOUS_MOVE = YES;
				CLANG_WARN_UNGUARDED_AVAILABILITY = YES_AGGRESSIVE;
				CLANG_WARN_UNREACHABLE_CODE = YES;
				CLANG_WARN__DUPLICATE_METHOD_MATCH = YES;
				COPY_PHASE_STRIP = NO;
				DEBUG_INFORMATION_FORMAT = dwarf;
				ENABLE_STRICT_OBJC_MSGSEND = YES;
				ENABLE_TESTABILITY = YES;
				GCC_C_LANGUAGE_STANDARD = gnu11;
				GCC_DYNAMIC_NO_PIC = NO;
				GCC_NO_COMMON_BLOCKS = YES;
				GCC_OPTIMIZATION_LEVEL = 0;
				GCC_PREPROCESSOR_DEFINITIONS = (
					"DEBUG=1",
					"$(inherited)",
				);
				GCC_WARN_64_TO_32_BIT_CONVERSION = YES;
				GCC_WARN_ABOUT_RETURN_TYPE = YES_ERROR;
				GCC_WARN_UNDECLARED_SELECTOR = YES;
				GCC_WARN_UNINITIALIZED_AUTOS = YES_AGGRESSIVE;
				GCC_WARN_UNUSED_FUNCTION = YES;
				GCC_WARN_UNUSED_VARIABLE = YES;
				IPHONEOS_DEPLOYMENT_TARGET = 13.2;
				MTL_ENABLE_DEBUG_INFO = INCLUDE_SOURCE;
				MTL_FAST_MATH = YES;
				ONLY_ACTIVE_ARCH = YES;
				SDKROOT = iphoneos;
				SWIFT_ACTIVE_COMPILATION_CONDITIONS = DEBUG;
				SWIFT_OPTIMIZATION_LEVEL = "-Onone";
			};
			name = Debug;
		};
		015CBDC8240E84C800C9A354 /* Release */ = {
			isa = XCBuildConfiguration;
			buildSettings = {
				ALWAYS_SEARCH_USER_PATHS = NO;
				CLANG_ANALYZER_NONNULL = YES;
				CLANG_ANALYZER_NUMBER_OBJECT_CONVERSION = YES_AGGRESSIVE;
				CLANG_CXX_LANGUAGE_STANDARD = "gnu++14";
				CLANG_CXX_LIBRARY = "libc++";
				CLANG_ENABLE_MODULES = YES;
				CLANG_ENABLE_OBJC_ARC = YES;
				CLANG_ENABLE_OBJC_WEAK = YES;
				CLANG_WARN_BLOCK_CAPTURE_AUTORELEASING = YES;
				CLANG_WARN_BOOL_CONVERSION = YES;
				CLANG_WARN_COMMA = YES;
				CLANG_WARN_CONSTANT_CONVERSION = YES;
				CLANG_WARN_DEPRECATED_OBJC_IMPLEMENTATIONS = YES;
				CLANG_WARN_DIRECT_OBJC_ISA_USAGE = YES_ERROR;
				CLANG_WARN_DOCUMENTATION_COMMENTS = YES;
				CLANG_WARN_EMPTY_BODY = YES;
				CLANG_WARN_ENUM_CONVERSION = YES;
				CLANG_WARN_INFINITE_RECURSION = YES;
				CLANG_WARN_INT_CONVERSION = YES;
				CLANG_WARN_NON_LITERAL_NULL_CONVERSION = YES;
				CLANG_WARN_OBJC_IMPLICIT_RETAIN_SELF = YES;
				CLANG_WARN_OBJC_LITERAL_CONVERSION = YES;
				CLANG_WARN_OBJC_ROOT_CLASS = YES_ERROR;
				CLANG_WARN_RANGE_LOOP_ANALYSIS = YES;
				CLANG_WARN_STRICT_PROTOTYPES = YES;
				CLANG_WARN_SUSPICIOUS_MOVE = YES;
				CLANG_WARN_UNGUARDED_AVAILABILITY = YES_AGGRESSIVE;
				CLANG_WARN_UNREACHABLE_CODE = YES;
				CLANG_WARN__DUPLICATE_METHOD_MATCH = YES;
				COPY_PHASE_STRIP = NO;
				DEBUG_INFORMATION_FORMAT = "dwarf-with-dsym";
				ENABLE_NS_ASSERTIONS = NO;
				ENABLE_STRICT_OBJC_MSGSEND = YES;
				GCC_C_LANGUAGE_STANDARD = gnu11;
				GCC_NO_COMMON_BLOCKS = YES;
				GCC_WARN_64_TO_32_BIT_CONVERSION = YES;
				GCC_WARN_ABOUT_RETURN_TYPE = YES_ERROR;
				GCC_WARN_UNDECLARED_SELECTOR = YES;
				GCC_WARN_UNINITIALIZED_AUTOS = YES_AGGRESSIVE;
				GCC_WARN_UNUSED_FUNCTION = YES;
				GCC_WARN_UNUSED_VARIABLE = YES;
				IPHONEOS_DEPLOYMENT_TARGET = 13.2;
				MTL_ENABLE_DEBUG_INFO = NO;
				MTL_FAST_MATH = YES;
				SDKROOT = iphoneos;
				SWIFT_COMPILATION_MODE = wholemodule;
				SWIFT_OPTIMIZATION_LEVEL = "-O";
				VALIDATE_PRODUCT = YES;
			};
			name = Release;
		};
		015CBDCA240E84C800C9A354 /* Debug */ = {
			isa = XCBuildConfiguration;
			baseConfigurationReference = C0C2B74817A6FC5E6A26C468 /* Pods-CapivaraInvaders.debug.xcconfig */;
			buildSettings = {
				ASSETCATALOG_COMPILER_APPICON_NAME = AppIcon;
				CODE_SIGN_IDENTITY = "Apple Development";
				CODE_SIGN_STYLE = Automatic;
				CURRENT_PROJECT_VERSION = 1.7;
				DEBUG_INFORMATION_FORMAT = "dwarf-with-dsym";
				DEVELOPMENT_TEAM = MK55QVZ894;
				INFOPLIST_FILE = CapivaraInvaders/Info.plist;
				IPHONEOS_DEPLOYMENT_TARGET = 13.2;
				LD_RUNPATH_SEARCH_PATHS = (
					"$(inherited)",
					"@executable_path/Frameworks",
				);
				MARKETING_VERSION = 1.7;
				PRODUCT_BUNDLE_IDENTIFIER = br.com.mateus.capivara1;
				PRODUCT_NAME = "$(TARGET_NAME)";
				PROVISIONING_PROFILE_SPECIFIER = "";
				SWIFT_VERSION = 5.0;
				TARGETED_DEVICE_FAMILY = 1;
			};
			name = Debug;
		};
		015CBDCB240E84C800C9A354 /* Release */ = {
			isa = XCBuildConfiguration;
			baseConfigurationReference = 634C584BC9B5604932D3048F /* Pods-CapivaraInvaders.release.xcconfig */;
			buildSettings = {
				ASSETCATALOG_COMPILER_APPICON_NAME = AppIcon;
				CODE_SIGN_IDENTITY = "Apple Development";
				CODE_SIGN_STYLE = Automatic;
				CURRENT_PROJECT_VERSION = 1.7;
				DEVELOPMENT_TEAM = MK55QVZ894;
				INFOPLIST_FILE = CapivaraInvaders/Info.plist;
				IPHONEOS_DEPLOYMENT_TARGET = 13.2;
				LD_RUNPATH_SEARCH_PATHS = (
					"$(inherited)",
					"@executable_path/Frameworks",
				);
				MARKETING_VERSION = 1.7;
				PRODUCT_BUNDLE_IDENTIFIER = br.com.mateus.capivara1;
				PRODUCT_NAME = "$(TARGET_NAME)";
				PROVISIONING_PROFILE_SPECIFIER = "";
				SWIFT_VERSION = 5.0;
				TARGETED_DEVICE_FAMILY = 1;
			};
			name = Release;
		};
/* End XCBuildConfiguration section */

/* Begin XCConfigurationList section */
		015CBDAC240E84C700C9A354 /* Build configuration list for PBXProject "CapivaraInvaders" */ = {
			isa = XCConfigurationList;
			buildConfigurations = (
				015CBDC7240E84C800C9A354 /* Debug */,
				015CBDC8240E84C800C9A354 /* Release */,
			);
			defaultConfigurationIsVisible = 0;
			defaultConfigurationName = Release;
		};
		015CBDC9240E84C800C9A354 /* Build configuration list for PBXNativeTarget "CapivaraInvaders" */ = {
			isa = XCConfigurationList;
			buildConfigurations = (
				015CBDCA240E84C800C9A354 /* Debug */,
				015CBDCB240E84C800C9A354 /* Release */,
			);
			defaultConfigurationIsVisible = 0;
			defaultConfigurationName = Release;
		};
/* End XCConfigurationList section */
	};
	rootObject = 015CBDA9240E84C700C9A354 /* Project object */;
}
